
Microsoft Visual Studio Solution File, Format Version 12.00
# Visual Studio Version 16
VisualStudioVersion = 16.0.30406.217
MinimumVisualStudioVersion = 10.0.40219.1
Project("{FAE04EC0-301F-11D3-BF4B-00C04F79EFBC}") = "Tako.Collections", "Tako.Collections\Tako.Collections.csproj", "{6FB90725-8A50-4E2D-986E-7E68C98D83EF}"
EndProject
Project("{FAE04EC0-301F-11D3-BF4B-00C04F79EFBC}") = "Tako.Sorting", "Tako.Sorting\Tako.Sorting.csproj", "{9DC235D6-6919-43AB-94B0-948AB78D50B9}"
EndProject
Project("{FAE04EC0-301F-11D3-BF4B-00C04F79EFBC}") = "Tako.Collections.Tests", "Tako.Collections.Tests\Tako.Collections.Tests.csproj", "{F6C9F781-8D3B-4D59-917A-589CEA2E7EAC}"
EndProject
Project("{FAE04EC0-301F-11D3-BF4B-00C04F79EFBC}") = "Tako.Sorting.Tests", "Tako.Sorting.Tests\Tako.Sorting.Tests.csproj", "{B14063FD-D6E6-49FC-9527-975A57D36831}"
EndProject
Project("{2150E333-8FDC-42A3-9474-1A3956D46DE8}") = "Solution Items", "Solution Items", "{5599C333-73A2-4DE3-A88C-02CCC6C9C104}"
	ProjectSection(SolutionItems) = preProject
		.editorconfig = .editorconfig
	EndProjectSection
EndProject
Global
	GlobalSection(SolutionConfigurationPlatforms) = preSolution
		Debug|Any CPU = Debug|Any CPU
		Release|Any CPU = Release|Any CPU
	EndGlobalSection
	GlobalSection(ProjectConfigurationPlatforms) = postSolution
		{6FB90725-8A50-4E2D-986E-7E68C98D83EF}.Debug|Any CPU.ActiveCfg = Debug|Any CPU
		{6FB90725-8A50-4E2D-986E-7E68C98D83EF}.Debug|Any CPU.Build.0 = Debug|Any CPU
		{6FB90725-8A50-4E2D-986E-7E68C98D83EF}.Release|Any CPU.ActiveCfg = Release|Any CPU
		{6FB90725-8A50-4E2D-986E-7E68C98D83EF}.Release|Any CPU.Build.0 = Release|Any CPU
		{9DC235D6-6919-43AB-94B0-948AB78D50B9}.Debug|Any CPU.ActiveCfg = Debug|Any CPU
		{9DC235D6-6919-43AB-94B0-948AB78D50B9}.Debug|Any CPU.Build.0 = Debug|Any CPU
		{9DC235D6-6919-43AB-94B0-948AB78D50B9}.Release|Any CPU.ActiveCfg = Release|Any CPU
		{9DC235D6-6919-43AB-94B0-948AB78D50B9}.Release|Any CPU.Build.0 = Release|Any CPU
		{F6C9F781-8D3B-4D59-917A-589CEA2E7EAC}.Debug|Any CPU.ActiveCfg = Debug|Any CPU
		{F6C9F781-8D3B-4D59-917A-589CEA2E7EAC}.Debug|Any CPU.Build.0 = Debug|Any CPU
		{F6C9F781-8D3B-4D59-917A-589CEA2E7EAC}.Release|Any CPU.ActiveCfg = Release|Any CPU
		{F6C9F781-8D3B-4D59-917A-589CEA2E7EAC}.Release|Any CPU.Build.0 = Release|Any CPU
		{B14063FD-D6E6-49FC-9527-975A57D36831}.Debug|Any CPU.ActiveCfg = Debug|Any CPU
		{B14063FD-D6E6-49FC-9527-975A57D36831}.Debug|Any CPU.Build.0 = Debug|Any CPU
		{B14063FD-D6E6-49FC-9527-975A57D36831}.Release|Any CPU.ActiveCfg = Release|Any CPU
		{B14063FD-D6E6-49FC-9527-975A57D36831}.Release|Any CPU.Build.0 = Release|Any CPU
	EndGlobalSection
	GlobalSection(SolutionProperties) = preSolution
		HideSolutionNode = FALSE
	EndGlobalSection
	GlobalSection(ExtensibilityGlobals) = postSolution
		SolutionGuid = {6316EA5A-32E9-477E-8995-40F0FC087A5F}
	EndGlobalSection
EndGlobal
